// !$*UTF8*$!
{
	archiveVersion = 1;
	classes = {
	};
	objectVersion = 46;
	objects = {

/* Begin PBXBuildFile section */
		D03D3E7C1BF1D9E600EB2829 /* main.m in Sources */ = {isa = PBXBuildFile; fileRef = D03D3E7B1BF1D9E600EB2829 /* main.m */; };
		D03D3E7F1BF1D9E600EB2829 /* AppDelegate.m in Sources */ = {isa = PBXBuildFile; fileRef = D03D3E7E1BF1D9E600EB2829 /* AppDelegate.m */; };
		D03D3E821BF1D9E600EB2829 /* ViewControllerDemo.m in Sources */ = {isa = PBXBuildFile; fileRef = D03D3E811BF1D9E600EB2829 /* ViewControllerDemo.m */; };
		D03D3E851BF1D9E600EB2829 /* Main.storyboard in Resources */ = {isa = PBXBuildFile; fileRef = D03D3E831BF1D9E600EB2829 /* Main.storyboard */; };
		D03D3E871BF1D9E600EB2829 /* Assets.xcassets in Resources */ = {isa = PBXBuildFile; fileRef = D03D3E861BF1D9E600EB2829 /* Assets.xcassets */; };
		D03D3E8A1BF1D9E600EB2829 /* LaunchScreen.storyboard in Resources */ = {isa = PBXBuildFile; fileRef = D03D3E881BF1D9E600EB2829 /* LaunchScreen.storyboard */; };
		D03D3E941BF1DA6600EB2829 /* ZPHAlertController.m in Sources */ = {isa = PBXBuildFile; fileRef = D03D3E931BF1DA6600EB2829 /* ZPHAlertController.m */; };
		D03D3E961BF1DB1300EB2829 /* whitealert@2x.png in Resources */ = {isa = PBXBuildFile; fileRef = D03D3E951BF1DB1300EB2829 /* whitealert@2x.png */; };
/* End PBXBuildFile section */

/* Begin PBXFileReference section */
		D03D3E771BF1D9E600EB2829 /* ZPHCustomAlertController.app */ = {isa = PBXFileReference; explicitFileType = wrapper.application; includeInIndex = 0; path = ZPHCustomAlertController.app; sourceTree = BUILT_PRODUCTS_DIR; };
		D03D3E7B1BF1D9E600EB2829 /* main.m */ = {isa = PBXFileReference; lastKnownFileType = sourcecode.c.objc; path = main.m; sourceTree = "<group>"; };
		D03D3E7D1BF1D9E600EB2829 /* AppDelegate.h */ = {isa = PBXFileReference; lastKnownFileType = sourcecode.c.h; path = AppDelegate.h; sourceTree = "<group>"; };
		D03D3E7E1BF1D9E600EB2829 /* AppDelegate.m */ = {isa = PBXFileReference; lastKnownFileType = sourcecode.c.objc; path = AppDelegate.m; sourceTree = "<group>"; };
		D03D3E801BF1D9E600EB2829 /* ViewControllerDemo.h */ = {isa = PBXFileReference; lastKnownFileType = sourcecode.c.h; path = ViewControllerDemo.h; sourceTree = "<group>"; };
		D03D3E811BF1D9E600EB2829 /* ViewControllerDemo.m */ = {isa = PBXFileReference; lastKnownFileType = sourcecode.c.objc; path = ViewControllerDemo.m; sourceTree = "<group>"; };
		D03D3E841BF1D9E600EB2829 /* Base */ = {isa = PBXFileReference; lastKnownFileType = file.storyboard; name = Base; path = Base.lproj/Main.storyboard; sourceTree = "<group>"; };
		D03D3E861BF1D9E600EB2829 /* Assets.xcassets */ = {isa = PBXFileReference; lastKnownFileType = folder.assetcatalog; path = Assets.xcassets; sourceTree = "<group>"; };
		D03D3E891BF1D9E600EB2829 /* Base */ = {isa = PBXFileReference; lastKnownFileType = file.storyboard; name = Base; path = Base.lproj/LaunchScreen.storyboard; sourceTree = "<group>"; };
		D03D3E8B1BF1D9E600EB2829 /* Info.plist */ = {isa = PBXFileReference; lastKnownFileType = text.plist.xml; path = Info.plist; sourceTree = "<group>"; };
		D03D3E921BF1DA6600EB2829 /* ZPHAlertController.h */ = {isa = PBXFileReference; fileEncoding = 4; lastKnownFileType = sourcecode.c.h; path = ZPHAlertController.h; sourceTree = "<group>"; };
		D03D3E931BF1DA6600EB2829 /* ZPHAlertController.m */ = {isa = PBXFileReference; fileEncoding = 4; lastKnownFileType = sourcecode.c.objc; path = ZPHAlertController.m; sourceTree = "<group>"; };
		D03D3E951BF1DB1300EB2829 /* whitealert@2x.png */ = {isa = PBXFileReference; lastKnownFileType = image.png; path = "whitealert@2x.png"; sourceTree = "<group>"; };
/* End PBXFileReference section */

/* Begin PBXFrameworksBuildPhase section */
		D03D3E741BF1D9E600EB2829 /* Frameworks */ = {
			isa = PBXFrameworksBuildPhase;
			buildActionMask = 2147483647;
			files = (
			);
			runOnlyForDeploymentPostprocessing = 0;
		};
/* End PBXFrameworksBuildPhase section */

/* Begin PBXGroup section */
		D03D3E6E1BF1D9E500EB2829 = {
			isa = PBXGroup;
			children = (
				D03D3E791BF1D9E600EB2829 /* ZPHCustomAlertController */,
				D03D3E781BF1D9E600EB2829 /* Products */,
			);
			sourceTree = "<group>";
		};
		D03D3E781BF1D9E600EB2829 /* Products */ = {
			isa = PBXGroup;
			children = (
				D03D3E771BF1D9E600EB2829 /* ZPHCustomAlertController.app */,
			);
			name = Products;
			sourceTree = "<group>";
		};
		D03D3E791BF1D9E600EB2829 /* ZPHCustomAlertController */ = {
			isa = PBXGroup;
			children = (
				D03D3E911BF1DA3E00EB2829 /* ZPHAlertController */,
				D03D3E7D1BF1D9E600EB2829 /* AppDelegate.h */,
				D03D3E7E1BF1D9E600EB2829 /* AppDelegate.m */,
				D03D3E801BF1D9E600EB2829 /* ViewControllerDemo.h */,
				D03D3E811BF1D9E600EB2829 /* ViewControllerDemo.m */,
				D03D3E831BF1D9E600EB2829 /* Main.storyboard */,
				D03D3E861BF1D9E600EB2829 /* Assets.xcassets */,
				D03D3E881BF1D9E600EB2829 /* LaunchScreen.storyboard */,
				D03D3E8B1BF1D9E600EB2829 /* Info.plist */,
				D03D3E971BF1DB1900EB2829 /* drawable */,
				D03D3E7A1BF1D9E600EB2829 /* Supporting Files */,
			);
			path = ZPHCustomAlertController;
			sourceTree = "<group>";
		};
		D03D3E7A1BF1D9E600EB2829 /* Supporting Files */ = {
			isa = PBXGroup;
			children = (
				D03D3E7B1BF1D9E600EB2829 /* main.m */,
			);
			name = "Supporting Files";
			sourceTree = "<group>";
		};
		D03D3E911BF1DA3E00EB2829 /* ZPHAlertController */ = {
			isa = PBXGroup;
			children = (
				D03D3E921BF1DA6600EB2829 /* ZPHAlertController.h */,
				D03D3E931BF1DA6600EB2829 /* ZPHAlertController.m */,
			);
			name = ZPHAlertController;
			sourceTree = "<group>";
		};
		D03D3E971BF1DB1900EB2829 /* drawable */ = {
			isa = PBXGroup;
			children = (
				D03D3E951BF1DB1300EB2829 /* whitealert@2x.png */,
			);
			name = drawable;
			sourceTree = "<group>";
		};
/* End PBXGroup section */

/* Begin PBXNativeTarget section */
		D03D3E761BF1D9E600EB2829 /* ZPHCustomAlertController */ = {
			isa = PBXNativeTarget;
			buildConfigurationList = D03D3E8E1BF1D9E600EB2829 /* Build configuration list for PBXNativeTarget "ZPHCustomAlertController" */;
			buildPhases = (
				D03D3E731BF1D9E600EB2829 /* Sources */,
				D03D3E741BF1D9E600EB2829 /* Frameworks */,
				D03D3E751BF1D9E600EB2829 /* Resources */,
			);
			buildRules = (
			);
			dependencies = (
			);
			name = ZPHCustomAlertController;
			productName = ZPHCustomAlertController;
			productReference = D03D3E771BF1D9E600EB2829 /* ZPHCustomAlertController.app */;
			productType = "com.apple.product-type.application";
		};
/* End PBXNativeTarget section */

/* Begin PBXProject section */
		D03D3E6F1BF1D9E500EB2829 /* Project object */ = {
			isa = PBXProject;
			attributes = {
				LastUpgradeCheck = 0710;
				ORGANIZATIONNAME = Pishum;
				TargetAttributes = {
					D03D3E761BF1D9E600EB2829 = {
						CreatedOnToolsVersion = 7.1;
					};
				};
			};
			buildConfigurationList = D03D3E721BF1D9E500EB2829 /* Build configuration list for PBXProject "ZPHCustomAlertController" */;
			compatibilityVersion = "Xcode 3.2";
			developmentRegion = English;
			hasScannedForEncodings = 0;
			knownRegions = (
				en,
				Base,
			);
			mainGroup = D03D3E6E1BF1D9E500EB2829;
			productRefGroup = D03D3E781BF1D9E600EB2829 /* Products */;
			projectDirPath = "";
			projectRoot = "";
			targets = (
				D03D3E761BF1D9E600EB2829 /* ZPHCustomAlertController */,
			);
		};
/* End PBXProject section */

/* Begin PBXResourcesBuildPhase section */
		D03D3E751BF1D9E600EB2829 /* Resources */ = {
			isa = PBXResourcesBuildPhase;
			buildActionMask = 2147483647;
			files = (
				D03D3E8A1BF1D9E600EB2829 /* LaunchScreen.storyboard in Resources */,
				D03D3E871BF1D9E600EB2829 /* Assets.xcassets in Resources */,
				D03D3E851BF1D9E600EB2829 /* Main.storyboard in Resources */,
				D03D3E961BF1DB1300EB2829 /* whitealert@2x.png in Resources */,
			);
			runOnlyForDeploymentPostprocessing = 0;
		};
/* End PBXResourcesBuildPhase section */

/* Begin PBXSourcesBuildPhase section */
		D03D3E731BF1D9E600EB2829 /* Sources */ = {
			isa = PBXSourcesBuildPhase;
			buildActionMask = 2147483647;
			files = (
				D03D3E821BF1D9E600EB2829 /* ViewControllerDemo.m in Sources */,
				D03D3E941BF1DA6600EB2829 /* ZPHAlertController.m in Sources */,
				D03D3E7F1BF1D9E600EB2829 /* AppDelegate.m in Sources */,
				D03D3E7C1BF1D9E600EB2829 /* main.m in Sources */,
			);
			runOnlyForDeploymentPostprocessing = 0;
		};
/* End PBXSourcesBuildPhase section */

/* Begin PBXVariantGroup section */
		D03D3E831BF1D9E600EB2829 /* Main.storyboard */ = {
			isa = PBXVariantGroup;
			children = (
				D03D3E841BF1D9E600EB2829 /* Base */,
			);
			name = Main.storyboard;
			sourceTree = "<group>";
		};
		D03D3E881BF1D9E600EB2829 /* LaunchScreen.storyboard */ = {
			isa = PBXVariantGroup;
			children = (
				D03D3E891BF1D9E600EB2829 /* Base */,
			);
			name = LaunchScreen.storyboard;
			sourceTree = "<group>";
		};
/* End PBXVariantGroup section */

/* Begin XCBuildConfiguration section */
		D03D3E8C1BF1D9E600EB2829 /* Debug */ = {
			isa = XCBuildConfiguration;
			buildSettings = {
				ALWAYS_SEARCH_USER_PATHS = NO;
				CLANG_CXX_LANGUAGE_STANDARD = "gnu++0x";
				CLANG_CXX_LIBRARY = "libc++";
				CLANG_ENABLE_MODULES = YES;
				CLANG_ENABLE_OBJC_ARC = YES;
				CLANG_WARN_BOOL_CONVERSION = YES;
				CLANG_WARN_CONSTANT_CONVERSION = YES;
				CLANG_WARN_DIRECT_OBJC_ISA_USAGE = YES_ERROR;
				CLANG_WARN_EMPTY_BODY = YES;
				CLANG_WARN_ENUM_CONVERSION = YES;
				CLANG_WARN_INT_CONVERSION = YES;
				CLANG_WARN_OBJC_ROOT_CLASS = YES_ERROR;
				CLANG_WARN_UNREACHABLE_CODE = YES;
				CLANG_WARN__DUPLICATE_METHOD_MATCH = YES;
				"CODE_SIGN_IDENTITY[sdk=iphoneos*]" = "iPhone Developer";
				COPY_PHASE_STRIP = NO;
				DEBUG_INFORMATION_FORMAT = dwarf;
				ENABLE_STRICT_OBJC_MSGSEND = YES;
				ENABLE_TESTABILITY = YES;
				GCC_C_LANGUAGE_STANDARD = gnu99;
				GCC_DYNAMIC_NO_PIC = NO;
				GCC_NO_COMMON_BLOCKS = YES;
				GCC_OPTIMIZATION_LEVEL = 0;
				GCC_PREPROCESSOR_DEFINITIONS = (
					"DEBUG=1",
					"$(inherited)",
				);
				GCC_WARN_64_TO_32_BIT_CONVERSION = YES;
				GCC_WARN_ABOUT_RETURN_TYPE = YES_ERROR;
				GCC_WARN_UNDECLARED_SELECTOR = YES;
				GCC_WARN_UNINITIALIZED_AUTOS = YES_AGGRESSIVE;
				GCC_WARN_UNUSED_FUNCTION = YES;
				GCC_WARN_UNUSED_VARIABLE = YES;
				IPHONEOS_DEPLOYMENT_TARGET = 9.1;
				MTL_ENABLE_DEBUG_INFO = YES;
				ONLY_ACTIVE_ARCH = YES;
				SDKROOT = iphoneos;
			};
			name = Debug;
		};
		D03D3E8D1BF1D9E600EB2829 /* Release */ = {
			isa = XCBuildConfiguration;
			buildSettings = {
				ALWAYS_SEARCH_USER_PATHS = NO;
				CLANG_CXX_LANGUAGE_STANDARD = "gnu++0x";
				CLANG_CXX_LIBRARY = "libc++";
				CLANG_ENABLE_MODULES = YES;
				CLANG_ENABLE_OBJC_ARC = YES;
				CLANG_WARN_BOOL_CONVERSION = YES;
				CLANG_WARN_CONSTANT_CONVERSION = YES;
				CLANG_WARN_DIRECT_OBJC_ISA_USAGE = YES_ERROR;
				CLANG_WARN_EMPTY_BODY = YES;
				CLANG_WARN_ENUM_CONVERSION = YES;
				CLANG_WARN_INT_CONVERSION = YES;
				CLANG_WARN_OBJC_ROOT_CLASS = YES_ERROR;
				CLANG_WARN_UNREACHABLE_CODE = YES;
				CLANG_WARN__DUPLICATE_METHOD_MATCH = YES;
				"CODE_SIGN_IDENTITY[sdk=iphoneos*]" = "iPhone Developer";
				COPY_PHASE_STRIP = NO;
				DEBUG_INFORMATION_FORMAT = "dwarf-with-dsym";
				ENABLE_NS_ASSERTIONS = NO;
				ENABLE_STRICT_OBJC_MSGSEND = YES;
				GCC_C_LANGUAGE_STANDARD = gnu99;
				GCC_NO_COMMON_BLOCKS = YES;
				GCC_WARN_64_TO_32_BIT_CONVERSION = YES;
				GCC_WARN_ABOUT_RETURN_TYPE = YES_ERROR;
				GCC_WARN_UNDECLARED_SELECTOR = YES;
				GCC_WARN_UNINITIALIZED_AUTOS = YES_AGGRESSIVE;
				GCC_WARN_UNUSED_FUNCTION = YES;
				GCC_WARN_UNUSED_VARIABLE = YES;
				IPHONEOS_DEPLOYMENT_TARGET = 9.1;
				MTL_ENABLE_DEBUG_INFO = NO;
				SDKROOT = iphoneos;
				VALIDATE_PRODUCT = YES;
			};
			name = Release;
		};
		D03D3E8F1BF1D9E600EB2829 /* Debug */ = {
			isa = XCBuildConfiguration;
			buildSettings = {
				ASSETCATALOG_COMPILER_APPICON_NAME = AppIcon;
				INFOPLIST_FILE = ZPHCustomAlertController/Info.plist;
				LD_RUNPATH_SEARCH_PATHS = "$(inherited) @executable_path/Frameworks";
				PRODUCT_BUNDLE_IDENTIFIER = com.pishum.ZPHCustomAlertController;
				PRODUCT_NAME = "$(TARGET_NAME)";
			};
			name = Debug;
		};
		D03D3E901BF1D9E600EB2829 /* Release */ = {
			isa = XCBuildConfiguration;
			buildSettings = {
				ASSETCATALOG_COMPILER_APPICON_NAME = AppIcon;
				INFOPLIST_FILE = ZPHCustomAlertController/Info.plist;
				LD_RUNPATH_SEARCH_PATHS = "$(inherited) @executable_path/Frameworks";
				PRODUCT_BUNDLE_IDENTIFIER = com.pishum.ZPHCustomAlertController;
				PRODUCT_NAME = "$(TARGET_NAME)";
			};
			name = Release;
		};
/* End XCBuildConfiguration section */

/* Begin XCConfigurationList section */
		D03D3E721BF1D9E500EB2829 /* Build configuration list for PBXProject "ZPHCustomAlertController" */ = {
			isa = XCConfigurationList;
			buildConfigurations = (
				D03D3E8C1BF1D9E600EB2829 /* Debug */,
				D03D3E8D1BF1D9E600EB2829 /* Release */,
			);
			defaultConfigurationIsVisible = 0;
			defaultConfigurationName = Release;
		};
		D03D3E8E1BF1D9E600EB2829 /* Build configuration list for PBXNativeTarget "ZPHCustomAlertController" */ = {
			isa = XCConfigurationList;
			buildConfigurations = (
				D03D3E8F1BF1D9E600EB2829 /* Debug */,
				D03D3E901BF1D9E600EB2829 /* Release */,
			);
			defaultConfigurationIsVisible = 0;
		};
/* End XCConfigurationList section */
	};
	rootObject = D03D3E6F1BF1D9E500EB2829 /* Project object */;
}
